{
  "name": "vezba-5",
  "version": "1.0.0",
  "lockfileVersion": 1,
  "requires": true,
  "dependencies": {
    "knjigafunkcije": {
      "version": "file:knjigaFunkcije",
      "requires": {
        "knjiga": "file:knjiga"
      },
      "dependencies": {
        "knjiga": {
          "version": "file:knjiga"
        }
      }
    }
  }
}
